
Microsoft Visual Studio Solution File, Format Version 12.00
# Visual Studio Version 16
VisualStudioVersion = 16.0.31624.102
MinimumVisualStudioVersion = 10.0.40219.1
Project("{8BC9CEB8-8B4A-11D0-8D11-00A0C91BC942}") = "Project1", "Project1.vcxproj", "{7711C4BF-469F-4FE8-93ED-B9741A01CEE2}"
EndProject
Global
	GlobalSection(SolutionConfigurationPlatforms) = preSolution
		Debug|x64 = Debug|x64
		Debug|x86 = Debug|x86
		Release|x64 = Release|x64
		Release|x86 = Release|x86
	EndGlobalSection
	GlobalSection(ProjectConfigurationPlatforms) = postSolution
		{7711C4BF-469F-4FE8-93ED-B9741A01CEE2}.Debug|x64.ActiveCfg = Debug|x64
		{7711C4BF-469F-4FE8-93ED-B9741A01CEE2}.Debug|x64.Build.0 = Debug|x64
		{7711C4BF-469F-4FE8-93ED-B9741A01CEE2}.Debug|x86.ActiveCfg = Debug|Win32
		{7711C4BF-469F-4FE8-93ED-B9741A01CEE2}.Debug|x86.Build.0 = Debug|Win32
		{7711C4BF-469F-4FE8-93ED-B9741A01CEE2}.Release|x64.ActiveCfg = Release|x64
		{7711C4BF-469F-4FE8-93ED-B9741A01CEE2}.Release|x64.Build.0 = Release|x64
		{7711C4BF-469F-4FE8-93ED-B9741A01CEE2}.Release|x86.ActiveCfg = Release|Win32
		{7711C4BF-469F-4FE8-93ED-B9741A01CEE2}.Release|x86.Build.0 = Release|Win32
	EndGlobalSection
	GlobalSection(SolutionProperties) = preSolution
		HideSolutionNode = FALSE
	EndGlobalSection
	GlobalSection(ExtensibilityGlobals) = postSolution
		SolutionGuid = {2C5644F1-2020-4865-94F6-10B5E906ED14}
	EndGlobalSection
EndGlobal
